
Microsoft Visual Studio Solution File, Format Version 12.00
# Visual Studio Version 17
VisualStudioVersion = 17.8.34511.84
MinimumVisualStudioVersion = 10.0.40219.1
Project("{9A19103F-16F7-4668-BE54-9A1E7A4F7556}") = "PeopleManager.Ui.Mvc", "PeopleManager.Ui.Mvc\PeopleManager.Ui.Mvc.csproj", "{9C85193A-0375-4958-ACDD-CE14BB8A42C0}"
EndProject
Project("{9A19103F-16F7-4668-BE54-9A1E7A4F7556}") = "PeopleManager.Core", "PeopleManager.Core\PeopleManager.Core.csproj", "{665CA757-03AE-408F-AEB8-E0C951563E70}"
EndProject
Project("{9A19103F-16F7-4668-BE54-9A1E7A4F7556}") = "PeopleManager.Model", "PeopleManager.Model\PeopleManager.Model.csproj", "{55E2B621-33B7-435C-95BF-0CDB1A97329F}"
EndProject
Project("{9A19103F-16F7-4668-BE54-9A1E7A4F7556}") = "PeopleManager.Services", "PeopleManager.Services\PeopleManager.Services.csproj", "{55080245-65CF-43CE-B87D-3DBE435F2A6E}"
EndProject
Project("{9A19103F-16F7-4668-BE54-9A1E7A4F7556}") = "PeopleManager.Api", "PeopleManager.Api\PeopleManager.Api.csproj", "{7A4121D9-D67A-48D2-8DF4-72D9B1328F3F}"
EndProject
Project("{9A19103F-16F7-4668-BE54-9A1E7A4F7556}") = "PeopleManager.Dto", "PeopleManager.Dto\PeopleManager.Dto.csproj", "{967103B9-BDD9-40D9-BB9B-8E460AD009F0}"
EndProject
Project("{9A19103F-16F7-4668-BE54-9A1E7A4F7556}") = "Vives.Services.model", "Vives.Services.model\Vives.Services.model.csproj", "{16BCB44F-3935-4761-A6E5-1691E47EE598}"
EndProject
Project("{9A19103F-16F7-4668-BE54-9A1E7A4F7556}") = "PeopleManager.Sdk", "PeopleManager.Sdk\PeopleManager.Sdk.csproj", "{A1DF0D2D-BA09-4CBA-9A9B-FE07B9F97630}"
EndProject
Project("{2150E333-8FDC-42A3-9474-1A3956D46DE8}") = "Ui", "Ui", "{F595C226-9C39-4E1C-9766-54462681387E}"
EndProject
Project("{2150E333-8FDC-42A3-9474-1A3956D46DE8}") = "Vives", "Vives", "{69349873-6476-4535-9C03-E3B4F9E8C46D}"
EndProject
Project("{2150E333-8FDC-42A3-9474-1A3956D46DE8}") = "Domain", "Domain", "{DBF0B755-0AF5-43B9-91D9-AA4CE850E831}"
EndProject
Project("{2150E333-8FDC-42A3-9474-1A3956D46DE8}") = "Api", "Api", "{19620E4C-1E34-46A8-B8A8-9FA0DD5BBABF}"
EndProject
Project("{2150E333-8FDC-42A3-9474-1A3956D46DE8}") = "Services", "Services", "{F0311520-FC75-4C7B-980A-0AF417DFAFC6}"
EndProject
Project("{FAE04EC0-301F-11D3-BF4B-00C04F79EFBC}") = "PeopleManager.Ui.ConsoleApp", "PeopleManager.Ui.ConsoleApp\PeopleManager.Ui.ConsoleApp.csproj", "{9C4F3CD8-B307-4571-A7C4-1949D1589780}"
EndProject
Global
	GlobalSection(SolutionConfigurationPlatforms) = preSolution
		Debug|Any CPU = Debug|Any CPU
		Release|Any CPU = Release|Any CPU
	EndGlobalSection
	GlobalSection(ProjectConfigurationPlatforms) = postSolution
		{9C85193A-0375-4958-ACDD-CE14BB8A42C0}.Debug|Any CPU.ActiveCfg = Debug|Any CPU
		{9C85193A-0375-4958-ACDD-CE14BB8A42C0}.Debug|Any CPU.Build.0 = Debug|Any CPU
		{9C85193A-0375-4958-ACDD-CE14BB8A42C0}.Release|Any CPU.ActiveCfg = Release|Any CPU
		{9C85193A-0375-4958-ACDD-CE14BB8A42C0}.Release|Any CPU.Build.0 = Release|Any CPU
		{665CA757-03AE-408F-AEB8-E0C951563E70}.Debug|Any CPU.ActiveCfg = Debug|Any CPU
		{665CA757-03AE-408F-AEB8-E0C951563E70}.Debug|Any CPU.Build.0 = Debug|Any CPU
		{665CA757-03AE-408F-AEB8-E0C951563E70}.Release|Any CPU.ActiveCfg = Release|Any CPU
		{665CA757-03AE-408F-AEB8-E0C951563E70}.Release|Any CPU.Build.0 = Release|Any CPU
		{55E2B621-33B7-435C-95BF-0CDB1A97329F}.Debug|Any CPU.ActiveCfg = Debug|Any CPU
		{55E2B621-33B7-435C-95BF-0CDB1A97329F}.Debug|Any CPU.Build.0 = Debug|Any CPU
		{55E2B621-33B7-435C-95BF-0CDB1A97329F}.Release|Any CPU.ActiveCfg = Release|Any CPU
		{55E2B621-33B7-435C-95BF-0CDB1A97329F}.Release|Any CPU.Build.0 = Release|Any CPU
		{55080245-65CF-43CE-B87D-3DBE435F2A6E}.Debug|Any CPU.ActiveCfg = Debug|Any CPU
		{55080245-65CF-43CE-B87D-3DBE435F2A6E}.Debug|Any CPU.Build.0 = Debug|Any CPU
		{55080245-65CF-43CE-B87D-3DBE435F2A6E}.Release|Any CPU.ActiveCfg = Release|Any CPU
		{55080245-65CF-43CE-B87D-3DBE435F2A6E}.Release|Any CPU.Build.0 = Release|Any CPU
		{7A4121D9-D67A-48D2-8DF4-72D9B1328F3F}.Debug|Any CPU.ActiveCfg = Debug|Any CPU
		{7A4121D9-D67A-48D2-8DF4-72D9B1328F3F}.Debug|Any CPU.Build.0 = Debug|Any CPU
		{7A4121D9-D67A-48D2-8DF4-72D9B1328F3F}.Release|Any CPU.ActiveCfg = Release|Any CPU
		{7A4121D9-D67A-48D2-8DF4-72D9B1328F3F}.Release|Any CPU.Build.0 = Release|Any CPU
		{967103B9-BDD9-40D9-BB9B-8E460AD009F0}.Debug|Any CPU.ActiveCfg = Debug|Any CPU
		{967103B9-BDD9-40D9-BB9B-8E460AD009F0}.Debug|Any CPU.Build.0 = Debug|Any CPU
		{967103B9-BDD9-40D9-BB9B-8E460AD009F0}.Release|Any CPU.ActiveCfg = Release|Any CPU
		{967103B9-BDD9-40D9-BB9B-8E460AD009F0}.Release|Any CPU.Build.0 = Release|Any CPU
		{16BCB44F-3935-4761-A6E5-1691E47EE598}.Debug|Any CPU.ActiveCfg = Debug|Any CPU
		{16BCB44F-3935-4761-A6E5-1691E47EE598}.Debug|Any CPU.Build.0 = Debug|Any CPU
		{16BCB44F-3935-4761-A6E5-1691E47EE598}.Release|Any CPU.ActiveCfg = Release|Any CPU
		{16BCB44F-3935-4761-A6E5-1691E47EE598}.Release|Any CPU.Build.0 = Release|Any CPU
		{A1DF0D2D-BA09-4CBA-9A9B-FE07B9F97630}.Debug|Any CPU.ActiveCfg = Debug|Any CPU
		{A1DF0D2D-BA09-4CBA-9A9B-FE07B9F97630}.Debug|Any CPU.Build.0 = Debug|Any CPU
		{A1DF0D2D-BA09-4CBA-9A9B-FE07B9F97630}.Release|Any CPU.ActiveCfg = Release|Any CPU
		{A1DF0D2D-BA09-4CBA-9A9B-FE07B9F97630}.Release|Any CPU.Build.0 = Release|Any CPU
		{9C4F3CD8-B307-4571-A7C4-1949D1589780}.Debug|Any CPU.ActiveCfg = Debug|Any CPU
		{9C4F3CD8-B307-4571-A7C4-1949D1589780}.Debug|Any CPU.Build.0 = Debug|Any CPU
		{9C4F3CD8-B307-4571-A7C4-1949D1589780}.Release|Any CPU.ActiveCfg = Release|Any CPU
		{9C4F3CD8-B307-4571-A7C4-1949D1589780}.Release|Any CPU.Build.0 = Release|Any CPU
	EndGlobalSection
	GlobalSection(SolutionProperties) = preSolution
		HideSolutionNode = FALSE
	EndGlobalSection
	GlobalSection(NestedProjects) = preSolution
		{9C85193A-0375-4958-ACDD-CE14BB8A42C0} = {F595C226-9C39-4E1C-9766-54462681387E}
		{665CA757-03AE-408F-AEB8-E0C951563E70} = {DBF0B755-0AF5-43B9-91D9-AA4CE850E831}
		{55E2B621-33B7-435C-95BF-0CDB1A97329F} = {DBF0B755-0AF5-43B9-91D9-AA4CE850E831}
		{55080245-65CF-43CE-B87D-3DBE435F2A6E} = {F0311520-FC75-4C7B-980A-0AF417DFAFC6}
		{7A4121D9-D67A-48D2-8DF4-72D9B1328F3F} = {19620E4C-1E34-46A8-B8A8-9FA0DD5BBABF}
		{967103B9-BDD9-40D9-BB9B-8E460AD009F0} = {F0311520-FC75-4C7B-980A-0AF417DFAFC6}
		{16BCB44F-3935-4761-A6E5-1691E47EE598} = {69349873-6476-4535-9C03-E3B4F9E8C46D}
		{A1DF0D2D-BA09-4CBA-9A9B-FE07B9F97630} = {19620E4C-1E34-46A8-B8A8-9FA0DD5BBABF}
		{9C4F3CD8-B307-4571-A7C4-1949D1589780} = {F595C226-9C39-4E1C-9766-54462681387E}
	EndGlobalSection
	GlobalSection(ExtensibilityGlobals) = postSolution
		SolutionGuid = {6517C9AC-EBB9-4124-A470-26E83326B1D4}
	EndGlobalSection
EndGlobal
